
Microsoft Visual Studio Solution File, Format Version 12.00
# Visual Studio Version 17
VisualStudioVersion = 17.10.34928.147
MinimumVisualStudioVersion = 10.0.40219.1
Project("{9A19103F-16F7-4668-BE54-9A1E7A4F7556}") = "API.Gateway", "API.Gateway\API.Gateway.csproj", "{BACB60EB-CB23-4AE3-8887-9A7B22EA6962}"
EndProject
Global
	GlobalSection(SolutionConfigurationPlatforms) = preSolution
		Debug|Any CPU = Debug|Any CPU
		Release|Any CPU = Release|Any CPU
	EndGlobalSection
	GlobalSection(ProjectConfigurationPlatforms) = postSolution
		{BACB60EB-CB23-4AE3-8887-9A7B22EA6962}.Debug|Any CPU.ActiveCfg = Debug|Any CPU
		{BACB60EB-CB23-4AE3-8887-9A7B22EA6962}.Debug|Any CPU.Build.0 = Debug|Any CPU
		{BACB60EB-CB23-4AE3-8887-9A7B22EA6962}.Release|Any CPU.ActiveCfg = Release|Any CPU
		{BACB60EB-CB23-4AE3-8887-9A7B22EA6962}.Release|Any CPU.Build.0 = Release|Any CPU
	EndGlobalSection
	GlobalSection(SolutionProperties) = preSolution
		HideSolutionNode = FALSE
	EndGlobalSection
	GlobalSection(ExtensibilityGlobals) = postSolution
		SolutionGuid = {33203326-9F61-4042-BA26-C1271EE3723C}
	EndGlobalSection
EndGlobal
